
Microsoft Visual Studio Solution File, Format Version 12.00
# Visual Studio Version 17
VisualStudioVersion = 17.4.33110.190
MinimumVisualStudioVersion = 10.0.40219.1
Project("{FAE04EC0-301F-11D3-BF4B-00C04F79EFBC}") = "CsvFileReader", "CsvFileReader\CsvFileReader.csproj", "{F4D20E78-4342-4A0A-BA0B-A04B8C70F53E}"
EndProject
Global
	GlobalSection(SolutionConfigurationPlatforms) = preSolution
		Debug|Any CPU = Debug|Any CPU
		Release|Any CPU = Release|Any CPU
	EndGlobalSection
	GlobalSection(ProjectConfigurationPlatforms) = postSolution
		{F4D20E78-4342-4A0A-BA0B-A04B8C70F53E}.Debug|Any CPU.ActiveCfg = Debug|Any CPU
		{F4D20E78-4342-4A0A-BA0B-A04B8C70F53E}.Debug|Any CPU.Build.0 = Debug|Any CPU
		{F4D20E78-4342-4A0A-BA0B-A04B8C70F53E}.Release|Any CPU.ActiveCfg = Release|Any CPU
		{F4D20E78-4342-4A0A-BA0B-A04B8C70F53E}.Release|Any CPU.Build.0 = Release|Any CPU
	EndGlobalSection
	GlobalSection(SolutionProperties) = preSolution
		HideSolutionNode = FALSE
	EndGlobalSection
	GlobalSection(ExtensibilityGlobals) = postSolution
		SolutionGuid = {BB1846A5-1392-4564-BD3D-E3F29646B030}
	EndGlobalSection
EndGlobal
